<?xml version="1.0" encoding="utf-8"?>
<Project ToolsVersion="4.0" xmlns="http://schemas.microsoft.com/developer/msbuild/2003">
  <ItemGroup>
    <Filter Include="源文件">
      <UniqueIdentifier>{4FC737F1-C7A5-4376-A066-2A32D752A2FF}</UniqueIdentifier>
      <Extensions>cpp;c;cc;cxx;c++;cppm;ixx;def;odl;idl;hpj;bat;asm;asmx</Extensions>
    </Filter>
    <Filter Include="头文件">
      <UniqueIdentifier>{93995380-89BD-4b04-88EB-625FBE52EBFB}</UniqueIdentifier>
      <Extensions>h;hh;hpp;hxx;h++;hm;inl;inc;ipp;xsd</Extensions>
    </Filter>
    <Filter Include="资源文件">
      <UniqueIdentifier>{67DA6AB6-F800-4c08-8B7A-83BB121AAD01}</UniqueIdentifier>
      <Extensions>rc;ico;cur;bmp;dlg;rc2;rct;bin;rgs;gif;jpg;jpeg;jpe;resx;tiff;tif;png;wav;mfcribbon-ms</Extensions>
    </Filter>
    <Filter Include="NewFilter1">
      <UniqueIdentifier>{0671e3db-eb03-4f37-a6e1-9d8d31384262}</UniqueIdentifier>
    </Filter>
  </ItemGroup>
  <ItemGroup>
    <ClCompile Include="src\Application.cpp">
      <Filter>源文件</Filter>
    </ClCompile>
    <ClCompile Include="Dependency\glad\src\glad.c">
      <Filter>源文件</Filter>
    </ClCompile>
    <ClCompile Include="Dependency\stb_image.cpp">
      <Filter>源文件</Filter>
    </ClCompile>
    <ClCompile Include="Dependency\imgui\imgui.cpp">
      <Filter>源文件</Filter>
    </ClCompile>
    <ClCompile Include="Dependency\imgui\imgui_demo.cpp">
      <Filter>源文件</Filter>
    </ClCompile>
    <ClCompile Include="Dependency\imgui\imgui_draw.cpp">
      <Filter>源文件</Filter>
    </ClCompile>
    <ClCompile Include="Dependency\imgui\imgui_impl_glfw.cpp">
      <Filter>源文件</Filter>
    </ClCompile>
    <ClCompile Include="Dependency\imgui\imgui_impl_opengl3.cpp">
      <Filter>源文件</Filter>
    </ClCompile>
    <ClCompile Include="Dependency\imgui\imgui_tables.cpp">
      <Filter>源文件</Filter>
    </ClCompile>
    <ClCompile Include="Dependency\imgui\imgui_widgets.cpp">
      <Filter>源文件</Filter>
    </ClCompile>
    <ClCompile Include="src\test\Test.cpp">
      <Filter>源文件</Filter>
    </ClCompile>
    <ClCompile Include="src\test\BaseTexture.cpp">
      <Filter>源文件</Filter>
    </ClCompile>
  </ItemGroup>
  <ItemGroup>
    <None Include="res\shaders\transtions\Base.shader" />
    <None Include="res\shaders\transtions\Fade.shader" />
    <None Include="res\shaders\transtions\Cut.shader" />
    <None Include="res\shaders\transtions\Push.shader" />
    <None Include="res\shaders\transtions\RandomBars.shader" />
    <None Include="res\shaders\transtions\Reveal.shader" />
    <None Include="res\shaders\transtions\Shape.shader" />
    <None Include="res\shaders\transtions\Split.shader" />
    <None Include="res\shaders\transtions\Uncover.shader" />
    <None Include="res\shaders\transtions\Wipe.shader" />
    <None Include="res\shaders\transtions\Blinds.shader" />
    <None Include="res\shaders\transtions\CheckBoard.shader" />
    <None Include="res\shaders\transtions\Clock.shader" />
    <None Include="res\shaders\transtions\HoneyComb.shader" />
    <None Include="res\shaders\transtions\Cover.shader" />
    <None Include="res\shaders\transtions\Dissolve.shader" />
    <None Include="res\shaders\transtions\Flash.shader" />
    <None Include="res\shaders\transtions\Flip.shader" />
    <None Include="res\shaders\transtions\Ripple.shader" />
  </ItemGroup>
  <ItemGroup>
    <ClInclude Include="src\Shader.h">
      <Filter>头文件</Filter>
    </ClInclude>
    <ClInclude Include="Dependency\stb_image.h">
      <Filter>头文件</Filter>
    </ClInclude>
    <ClInclude Include="src\Texture.h">
      <Filter>头文件</Filter>
    </ClInclude>
    <ClInclude Include="src\Transform.h">
      <Filter>头文件</Filter>
    </ClInclude>
    <ClInclude Include="src\VertexBuffer.h">
      <Filter>头文件</Filter>
    </ClInclude>
    <ClInclude Include="src\IndexBuffer.h">
      <Filter>头文件</Filter>
    </ClInclude>
    <ClInclude Include="src\VertexBufferLayout.h">
      <Filter>头文件</Filter>
    </ClInclude>
    <ClInclude Include="src\VertexArray.h">
      <Filter>头文件</Filter>
    </ClInclude>
    <ClInclude Include="src\Camera.h">
      <Filter>头文件</Filter>
    </ClInclude>
    <ClInclude Include="src\Renderer.h">
      <Filter>头文件</Filter>
    </ClInclude>
    <ClInclude Include="src\test\Test.h">
      <Filter>头文件</Filter>
    </ClInclude>
    <ClInclude Include="Dependency\imgui\imconfig.h">
      <Filter>头文件</Filter>
    </ClInclude>
    <ClInclude Include="Dependency\imgui\imgui.h">
      <Filter>头文件</Filter>
    </ClInclude>
    <ClInclude Include="Dependency\imgui\imgui_impl_glfw.h">
      <Filter>头文件</Filter>
    </ClInclude>
    <ClInclude Include="Dependency\imgui\imgui_impl_opengl3.h">
      <Filter>头文件</Filter>
    </ClInclude>
    <ClInclude Include="Dependency\imgui\imgui_internal.h">
      <Filter>头文件</Filter>
    </ClInclude>
    <ClInclude Include="Dependency\imgui\imstb_rectpack.h">
      <Filter>头文件</Filter>
    </ClInclude>
    <ClInclude Include="Dependency\imgui\imstb_textedit.h">
      <Filter>头文件</Filter>
    </ClInclude>
    <ClInclude Include="Dependency\imgui\imstb_truetype.h">
      <Filter>头文件</Filter>
    </ClInclude>
    <ClInclude Include="src\FrameBuffer.h">
      <Filter>头文件</Filter>
    </ClInclude>
    <ClInclude Include="src\CubeTexture.h">
      <Filter>头文件</Filter>
    </ClInclude>
    <ClInclude Include="src\UniformBuffer.h">
      <Filter>头文件</Filter>
    </ClInclude>
    <ClInclude Include="src\test\BaseTexture.h">
      <Filter>头文件</Filter>
    </ClInclude>
  </ItemGroup>
</Project>